// !$*UTF8*$!
{
	archiveVersion = 1;
	classes = {
	};
	objectVersion = 56;
	objects = {

/* Begin PBXBuildFile section */
		23153962299177E0000A54A8 /* MatchedGeometryEffectExample.swift in Sources */ = {isa = PBXBuildFile; fileRef = 23153961299177E0000A54A8 /* MatchedGeometryEffectExample.swift */; };
		2315396429917961000A54A8 /* Items.swift in Sources */ = {isa = PBXBuildFile; fileRef = 2315396329917961000A54A8 /* Items.swift */; };
		234F4C91298EAC84004F1652 /* CustomTimingChallenge.swift in Sources */ = {isa = PBXBuildFile; fileRef = 234F4C90298EAC84004F1652 /* CustomTimingChallenge.swift */; };
		236620312975D3F70099F6A3 /* TransitionsChallenge1.swift in Sources */ = {isa = PBXBuildFile; fileRef = 236620302975D3F70099F6A3 /* TransitionsChallenge1.swift */; };
		23904429296B07CB008B94E8 /* AnimationApp.swift in Sources */ = {isa = PBXBuildFile; fileRef = 23904428296B07CB008B94E8 /* AnimationApp.swift */; };
		2390442B296B07CB008B94E8 /* ContentView.swift in Sources */ = {isa = PBXBuildFile; fileRef = 2390442A296B07CB008B94E8 /* ContentView.swift */; };
		2390442D296B07CF008B94E8 /* Assets.xcassets in Resources */ = {isa = PBXBuildFile; fileRef = 2390442C296B07CF008B94E8 /* Assets.xcassets */; };
		23904430296B07CF008B94E8 /* Preview Assets.xcassets in Resources */ = {isa = PBXBuildFile; fileRef = 2390442F296B07CF008B94E8 /* Preview Assets.xcassets */; };
		23904437296B08F8008B94E8 /* DIN Condensed Bold.ttf in Resources */ = {isa = PBXBuildFile; fileRef = 23904436296B081F008B94E8 /* DIN Condensed Bold.ttf */; };
		2390443A296C241B008B94E8 /* AnimationOptionsChallenge.swift in Sources */ = {isa = PBXBuildFile; fileRef = 23904439296C241B008B94E8 /* AnimationOptionsChallenge.swift */; };
		2390443C296C5AFB008B94E8 /* SpringAnimationsChallenge.swift in Sources */ = {isa = PBXBuildFile; fileRef = 2390443B296C5AFB008B94E8 /* SpringAnimationsChallenge.swift */; };
		23904442296DD5FC008B94E8 /* SpringAnimationsExercise.swift in Sources */ = {isa = PBXBuildFile; fileRef = 23904441296DD5FC008B94E8 /* SpringAnimationsExercise.swift */; };
		23904445296EA75D008B94E8 /* AnimationOptionsExercise.swift in Sources */ = {isa = PBXBuildFile; fileRef = 23904444296EA75D008B94E8 /* AnimationOptionsExercise.swift */; };
		23904447296EAB04008B94E8 /* SpringAnimationsChallenge2.swift in Sources */ = {isa = PBXBuildFile; fileRef = 23904446296EAB04008B94E8 /* SpringAnimationsChallenge2.swift */; };
		2390444B296F24EF008B94E8 /* TransitionsExercise.swift in Sources */ = {isa = PBXBuildFile; fileRef = 2390444A296F24EF008B94E8 /* TransitionsExercise.swift */; };
		23C9C2C4297801290028F3AE /* TransitionsChallenge2.swift in Sources */ = {isa = PBXBuildFile; fileRef = 23C9C2C3297801290028F3AE /* TransitionsChallenge2.swift */; };
		23F2625B2979C9BC00C51186 /* CustomTimingCurveExample.swift in Sources */ = {isa = PBXBuildFile; fileRef = 23F2625A2979C9BB00C51186 /* CustomTimingCurveExample.swift */; };
/* End PBXBuildFile section */

/* Begin PBXFileReference section */
		23153961299177E0000A54A8 /* MatchedGeometryEffectExample.swift */ = {isa = PBXFileReference; lastKnownFileType = sourcecode.swift; path = MatchedGeometryEffectExample.swift; sourceTree = "<group>"; };
		2315396329917961000A54A8 /* Items.swift */ = {isa = PBXFileReference; lastKnownFileType = sourcecode.swift; path = Items.swift; sourceTree = "<group>"; };
		234F4C90298EAC84004F1652 /* CustomTimingChallenge.swift */ = {isa = PBXFileReference; lastKnownFileType = sourcecode.swift; path = CustomTimingChallenge.swift; sourceTree = "<group>"; };
		236620302975D3F70099F6A3 /* TransitionsChallenge1.swift */ = {isa = PBXFileReference; lastKnownFileType = sourcecode.swift; path = TransitionsChallenge1.swift; sourceTree = "<group>"; };
		23904425296B07CB008B94E8 /* Animation.app */ = {isa = PBXFileReference; explicitFileType = wrapper.application; includeInIndex = 0; path = Animation.app; sourceTree = BUILT_PRODUCTS_DIR; };
		23904428296B07CB008B94E8 /* AnimationApp.swift */ = {isa = PBXFileReference; lastKnownFileType = sourcecode.swift; path = AnimationApp.swift; sourceTree = "<group>"; };
		2390442A296B07CB008B94E8 /* ContentView.swift */ = {isa = PBXFileReference; lastKnownFileType = sourcecode.swift; path = ContentView.swift; sourceTree = "<group>"; };
		2390442C296B07CF008B94E8 /* Assets.xcassets */ = {isa = PBXFileReference; lastKnownFileType = folder.assetcatalog; path = Assets.xcassets; sourceTree = "<group>"; };
		2390442F296B07CF008B94E8 /* Preview Assets.xcassets */ = {isa = PBXFileReference; lastKnownFileType = folder.assetcatalog; path = "Preview Assets.xcassets"; sourceTree = "<group>"; };
		23904436296B081F008B94E8 /* DIN Condensed Bold.ttf */ = {isa = PBXFileReference; lastKnownFileType = file; path = "DIN Condensed Bold.ttf"; sourceTree = "<group>"; };
		23904438296B0925008B94E8 /* Info.plist */ = {isa = PBXFileReference; lastKnownFileType = text.plist; path = Info.plist; sourceTree = "<group>"; };
		23904439296C241B008B94E8 /* AnimationOptionsChallenge.swift */ = {isa = PBXFileReference; lastKnownFileType = sourcecode.swift; path = AnimationOptionsChallenge.swift; sourceTree = "<group>"; };
		2390443B296C5AFB008B94E8 /* SpringAnimationsChallenge.swift */ = {isa = PBXFileReference; lastKnownFileType = sourcecode.swift; path = SpringAnimationsChallenge.swift; sourceTree = "<group>"; };
		23904441296DD5FC008B94E8 /* SpringAnimationsExercise.swift */ = {isa = PBXFileReference; lastKnownFileType = sourcecode.swift; path = SpringAnimationsExercise.swift; sourceTree = "<group>"; };
		23904444296EA75D008B94E8 /* AnimationOptionsExercise.swift */ = {isa = PBXFileReference; lastKnownFileType = sourcecode.swift; path = AnimationOptionsExercise.swift; sourceTree = "<group>"; };
		23904446296EAB04008B94E8 /* SpringAnimationsChallenge2.swift */ = {isa = PBXFileReference; lastKnownFileType = sourcecode.swift; path = SpringAnimationsChallenge2.swift; sourceTree = "<group>"; };
		2390444A296F24EF008B94E8 /* TransitionsExercise.swift */ = {isa = PBXFileReference; lastKnownFileType = sourcecode.swift; path = TransitionsExercise.swift; sourceTree = "<group>"; };
		23C9C2C3297801290028F3AE /* TransitionsChallenge2.swift */ = {isa = PBXFileReference; lastKnownFileType = sourcecode.swift; path = TransitionsChallenge2.swift; sourceTree = "<group>"; };
		23F2625A2979C9BB00C51186 /* CustomTimingCurveExample.swift */ = {isa = PBXFileReference; lastKnownFileType = sourcecode.swift; path = CustomTimingCurveExample.swift; sourceTree = "<group>"; };
/* End PBXFileReference section */

/* Begin PBXFrameworksBuildPhase section */
		23904422296B07CB008B94E8 /* Frameworks */ = {
			isa = PBXFrameworksBuildPhase;
			buildActionMask = 2147483647;
			files = (
			);
			runOnlyForDeploymentPostprocessing = 0;
		};
/* End PBXFrameworksBuildPhase section */

/* Begin PBXGroup section */
		2390441C296B07CB008B94E8 = {
			isa = PBXGroup;
			children = (
				23904427296B07CB008B94E8 /* Animation */,
				23904426296B07CB008B94E8 /* Products */,
			);
			sourceTree = "<group>";
		};
		23904426296B07CB008B94E8 /* Products */ = {
			isa = PBXGroup;
			children = (
				23904425296B07CB008B94E8 /* Animation.app */,
			);
			name = Products;
			sourceTree = "<group>";
		};
		23904427296B07CB008B94E8 /* Animation */ = {
			isa = PBXGroup;
			children = (
				23904438296B0925008B94E8 /* Info.plist */,
				23904428296B07CB008B94E8 /* AnimationApp.swift */,
				23904439296C241B008B94E8 /* AnimationOptionsChallenge.swift */,
				23904444296EA75D008B94E8 /* AnimationOptionsExercise.swift */,
				2390442A296B07CB008B94E8 /* ContentView.swift */,
				234F4C90298EAC84004F1652 /* CustomTimingChallenge.swift */,
				23F2625A2979C9BB00C51186 /* CustomTimingCurveExample.swift */,
				23153961299177E0000A54A8 /* MatchedGeometryEffectExample.swift */,
				2315396329917961000A54A8 /* Items.swift */,
				2390443B296C5AFB008B94E8 /* SpringAnimationsChallenge.swift */,
				23904446296EAB04008B94E8 /* SpringAnimationsChallenge2.swift */,
				23904441296DD5FC008B94E8 /* SpringAnimationsExercise.swift */,
				236620302975D3F70099F6A3 /* TransitionsChallenge1.swift */,
				23C9C2C3297801290028F3AE /* TransitionsChallenge2.swift */,
				2390444A296F24EF008B94E8 /* TransitionsExercise.swift */,
				2390442E296B07CF008B94E8 /* Preview Content */,
				23904443296EA64B008B94E8 /* Resources */,
			);
			path = Animation;
			sourceTree = "<group>";
		};
		2390442E296B07CF008B94E8 /* Preview Content */ = {
			isa = PBXGroup;
			children = (
				2390442F296B07CF008B94E8 /* Preview Assets.xcassets */,
			);
			path = "Preview Content";
			sourceTree = "<group>";
		};
		23904443296EA64B008B94E8 /* Resources */ = {
			isa = PBXGroup;
			children = (
				23904436296B081F008B94E8 /* DIN Condensed Bold.ttf */,
				2390442C296B07CF008B94E8 /* Assets.xcassets */,
			);
			path = Resources;
			sourceTree = "<group>";
		};
/* End PBXGroup section */

/* Begin PBXNativeTarget section */
		23904424296B07CB008B94E8 /* Animation */ = {
			isa = PBXNativeTarget;
			buildConfigurationList = 23904433296B07CF008B94E8 /* Build configuration list for PBXNativeTarget "Animation" */;
			buildPhases = (
				23904421296B07CB008B94E8 /* Sources */,
				23904422296B07CB008B94E8 /* Frameworks */,
				23904423296B07CB008B94E8 /* Resources */,
			);
			buildRules = (
			);
			dependencies = (
			);
			name = Animation;
			productName = Animation;
			productReference = 23904425296B07CB008B94E8 /* Animation.app */;
			productType = "com.apple.product-type.application";
		};
/* End PBXNativeTarget section */

/* Begin PBXProject section */
		2390441D296B07CB008B94E8 /* Project object */ = {
			isa = PBXProject;
			attributes = {
				BuildIndependentTargetsInParallel = 1;
				LastSwiftUpdateCheck = 1420;
				LastUpgradeCheck = 1420;
				TargetAttributes = {
					23904424296B07CB008B94E8 = {
						CreatedOnToolsVersion = 14.2;
					};
				};
			};
			buildConfigurationList = 23904420296B07CB008B94E8 /* Build configuration list for PBXProject "Animation" */;
			compatibilityVersion = "Xcode 14.0";
			developmentRegion = en;
			hasScannedForEncodings = 0;
			knownRegions = (
				en,
				Base,
			);
			mainGroup = 2390441C296B07CB008B94E8;
			productRefGroup = 23904426296B07CB008B94E8 /* Products */;
			projectDirPath = "";
			projectRoot = "";
			targets = (
				23904424296B07CB008B94E8 /* Animation */,
			);
		};
/* End PBXProject section */

/* Begin PBXResourcesBuildPhase section */
		23904423296B07CB008B94E8 /* Resources */ = {
			isa = PBXResourcesBuildPhase;
			buildActionMask = 2147483647;
			files = (
				23904430296B07CF008B94E8 /* Preview Assets.xcassets in Resources */,
				2390442D296B07CF008B94E8 /* Assets.xcassets in Resources */,
				23904437296B08F8008B94E8 /* DIN Condensed Bold.ttf in Resources */,
			);
			runOnlyForDeploymentPostprocessing = 0;
		};
/* End PBXResourcesBuildPhase section */

/* Begin PBXSourcesBuildPhase section */
		23904421296B07CB008B94E8 /* Sources */ = {
			isa = PBXSourcesBuildPhase;
			buildActionMask = 2147483647;
			files = (
				23F2625B2979C9BC00C51186 /* CustomTimingCurveExample.swift in Sources */,
				23153962299177E0000A54A8 /* MatchedGeometryEffectExample.swift in Sources */,
				2390443C296C5AFB008B94E8 /* SpringAnimationsChallenge.swift in Sources */,
				2390443A296C241B008B94E8 /* AnimationOptionsChallenge.swift in Sources */,
				2315396429917961000A54A8 /* Items.swift in Sources */,
				23904442296DD5FC008B94E8 /* SpringAnimationsExercise.swift in Sources */,
				234F4C91298EAC84004F1652 /* CustomTimingChallenge.swift in Sources */,
				23904447296EAB04008B94E8 /* SpringAnimationsChallenge2.swift in Sources */,
				236620312975D3F70099F6A3 /* TransitionsChallenge1.swift in Sources */,
				2390442B296B07CB008B94E8 /* ContentView.swift in Sources */,
				2390444B296F24EF008B94E8 /* TransitionsExercise.swift in Sources */,
				23C9C2C4297801290028F3AE /* TransitionsChallenge2.swift in Sources */,
				23904429296B07CB008B94E8 /* AnimationApp.swift in Sources */,
				23904445296EA75D008B94E8 /* AnimationOptionsExercise.swift in Sources */,
			);
			runOnlyForDeploymentPostprocessing = 0;
		};
/* End PBXSourcesBuildPhase section */

/* Begin XCBuildConfiguration section */
		23904431296B07CF008B94E8 /* Debug */ = {
			isa = XCBuildConfiguration;
			buildSettings = {
				ALWAYS_SEARCH_USER_PATHS = NO;
				CLANG_ANALYZER_NONNULL = YES;
				CLANG_ANALYZER_NUMBER_OBJECT_CONVERSION = YES_AGGRESSIVE;
				CLANG_CXX_LANGUAGE_STANDARD = "gnu++20";
				CLANG_ENABLE_MODULES = YES;
				CLANG_ENABLE_OBJC_ARC = YES;
				CLANG_ENABLE_OBJC_WEAK = YES;
				CLANG_WARN_BLOCK_CAPTURE_AUTORELEASING = YES;
				CLANG_WARN_BOOL_CONVERSION = YES;
				CLANG_WARN_COMMA = YES;
				CLANG_WARN_CONSTANT_CONVERSION = YES;
				CLANG_WARN_DEPRECATED_OBJC_IMPLEMENTATIONS = YES;
				CLANG_WARN_DIRECT_OBJC_ISA_USAGE = YES_ERROR;
				CLANG_WARN_DOCUMENTATION_COMMENTS = YES;
				CLANG_WARN_EMPTY_BODY = YES;
				CLANG_WARN_ENUM_CONVERSION = YES;
				CLANG_WARN_INFINITE_RECURSION = YES;
				CLANG_WARN_INT_CONVERSION = YES;
				CLANG_WARN_NON_LITERAL_NULL_CONVERSION = YES;
				CLANG_WARN_OBJC_IMPLICIT_RETAIN_SELF = YES;
				CLANG_WARN_OBJC_LITERAL_CONVERSION = YES;
				CLANG_WARN_OBJC_ROOT_CLASS = YES_ERROR;
				CLANG_WARN_QUOTED_INCLUDE_IN_FRAMEWORK_HEADER = YES;
				CLANG_WARN_RANGE_LOOP_ANALYSIS = YES;
				CLANG_WARN_STRICT_PROTOTYPES = YES;
				CLANG_WARN_SUSPICIOUS_MOVE = YES;
				CLANG_WARN_UNGUARDED_AVAILABILITY = YES_AGGRESSIVE;
				CLANG_WARN_UNREACHABLE_CODE = YES;
				CLANG_WARN__DUPLICATE_METHOD_MATCH = YES;
				COPY_PHASE_STRIP = NO;
				DEBUG_INFORMATION_FORMAT = dwarf;
				ENABLE_STRICT_OBJC_MSGSEND = YES;
				ENABLE_TESTABILITY = YES;
				GCC_C_LANGUAGE_STANDARD = gnu11;
				GCC_DYNAMIC_NO_PIC = NO;
				GCC_NO_COMMON_BLOCKS = YES;
				GCC_OPTIMIZATION_LEVEL = 0;
				GCC_PREPROCESSOR_DEFINITIONS = (
					"DEBUG=1",
					"$(inherited)",
				);
				GCC_WARN_64_TO_32_BIT_CONVERSION = YES;
				GCC_WARN_ABOUT_RETURN_TYPE = YES_ERROR;
				GCC_WARN_UNDECLARED_SELECTOR = YES;
				GCC_WARN_UNINITIALIZED_AUTOS = YES_AGGRESSIVE;
				GCC_WARN_UNUSED_FUNCTION = YES;
				GCC_WARN_UNUSED_VARIABLE = YES;
				IPHONEOS_DEPLOYMENT_TARGET = 16.2;
				MTL_ENABLE_DEBUG_INFO = INCLUDE_SOURCE;
				MTL_FAST_MATH = YES;
				ONLY_ACTIVE_ARCH = YES;
				SDKROOT = iphoneos;
				SWIFT_ACTIVE_COMPILATION_CONDITIONS = DEBUG;
				SWIFT_OPTIMIZATION_LEVEL = "-Onone";
			};
			name = Debug;
		};
		23904432296B07CF008B94E8 /* Release */ = {
			isa = XCBuildConfiguration;
			buildSettings = {
				ALWAYS_SEARCH_USER_PATHS = NO;
				CLANG_ANALYZER_NONNULL = YES;
				CLANG_ANALYZER_NUMBER_OBJECT_CONVERSION = YES_AGGRESSIVE;
				CLANG_CXX_LANGUAGE_STANDARD = "gnu++20";
				CLANG_ENABLE_MODULES = YES;
				CLANG_ENABLE_OBJC_ARC = YES;
				CLANG_ENABLE_OBJC_WEAK = YES;
				CLANG_WARN_BLOCK_CAPTURE_AUTORELEASING = YES;
				CLANG_WARN_BOOL_CONVERSION = YES;
				CLANG_WARN_COMMA = YES;
				CLANG_WARN_CONSTANT_CONVERSION = YES;
				CLANG_WARN_DEPRECATED_OBJC_IMPLEMENTATIONS = YES;
				CLANG_WARN_DIRECT_OBJC_ISA_USAGE = YES_ERROR;
				CLANG_WARN_DOCUMENTATION_COMMENTS = YES;
				CLANG_WARN_EMPTY_BODY = YES;
				CLANG_WARN_ENUM_CONVERSION = YES;
				CLANG_WARN_INFINITE_RECURSION = YES;
				CLANG_WARN_INT_CONVERSION = YES;
				CLANG_WARN_NON_LITERAL_NULL_CONVERSION = YES;
				CLANG_WARN_OBJC_IMPLICIT_RETAIN_SELF = YES;
				CLANG_WARN_OBJC_LITERAL_CONVERSION = YES;
				CLANG_WARN_OBJC_ROOT_CLASS = YES_ERROR;
				CLANG_WARN_QUOTED_INCLUDE_IN_FRAMEWORK_HEADER = YES;
				CLANG_WARN_RANGE_LOOP_ANALYSIS = YES;
				CLANG_WARN_STRICT_PROTOTYPES = YES;
				CLANG_WARN_SUSPICIOUS_MOVE = YES;
				CLANG_WARN_UNGUARDED_AVAILABILITY = YES_AGGRESSIVE;
				CLANG_WARN_UNREACHABLE_CODE = YES;
				CLANG_WARN__DUPLICATE_METHOD_MATCH = YES;
				COPY_PHASE_STRIP = NO;
				DEBUG_INFORMATION_FORMAT = "dwarf-with-dsym";
				ENABLE_NS_ASSERTIONS = NO;
				ENABLE_STRICT_OBJC_MSGSEND = YES;
				GCC_C_LANGUAGE_STANDARD = gnu11;
				GCC_NO_COMMON_BLOCKS = YES;
				GCC_WARN_64_TO_32_BIT_CONVERSION = YES;
				GCC_WARN_ABOUT_RETURN_TYPE = YES_ERROR;
				GCC_WARN_UNDECLARED_SELECTOR = YES;
				GCC_WARN_UNINITIALIZED_AUTOS = YES_AGGRESSIVE;
				GCC_WARN_UNUSED_FUNCTION = YES;
				GCC_WARN_UNUSED_VARIABLE = YES;
				IPHONEOS_DEPLOYMENT_TARGET = 16.2;
				MTL_ENABLE_DEBUG_INFO = NO;
				MTL_FAST_MATH = YES;
				SDKROOT = iphoneos;
				SWIFT_COMPILATION_MODE = wholemodule;
				SWIFT_OPTIMIZATION_LEVEL = "-O";
				VALIDATE_PRODUCT = YES;
			};
			name = Release;
		};
		23904434296B07CF008B94E8 /* Debug */ = {
			isa = XCBuildConfiguration;
			buildSettings = {
				ASSETCATALOG_COMPILER_APPICON_NAME = AppIcon;
				ASSETCATALOG_COMPILER_GLOBAL_ACCENT_COLOR_NAME = AccentColor;
				CODE_SIGN_STYLE = Automatic;
				CURRENT_PROJECT_VERSION = 1;
				DEVELOPMENT_ASSET_PATHS = "\"Animation/Preview Content\"";
				ENABLE_PREVIEWS = YES;
				GENERATE_INFOPLIST_FILE = YES;
				INFOPLIST_FILE = Animation/Info.plist;
				INFOPLIST_KEY_UIApplicationSceneManifest_Generation = YES;
				INFOPLIST_KEY_UIApplicationSupportsIndirectInputEvents = YES;
				INFOPLIST_KEY_UILaunchScreen_Generation = YES;
				INFOPLIST_KEY_UISupportedInterfaceOrientations_iPad = "UIInterfaceOrientationPortrait UIInterfaceOrientationPortraitUpsideDown UIInterfaceOrientationLandscapeLeft UIInterfaceOrientationLandscapeRight";
				INFOPLIST_KEY_UISupportedInterfaceOrientations_iPhone = "UIInterfaceOrientationPortrait UIInterfaceOrientationLandscapeLeft UIInterfaceOrientationLandscapeRight";
				LD_RUNPATH_SEARCH_PATHS = (
					"$(inherited)",
					"@executable_path/Frameworks",
				);
				MARKETING_VERSION = 1.0;
				PRODUCT_BUNDLE_IDENTIFIER = com.eduard.Animation;
				PRODUCT_NAME = "$(TARGET_NAME)";
				SWIFT_EMIT_LOC_STRINGS = YES;
				SWIFT_VERSION = 5.0;
				TARGETED_DEVICE_FAMILY = "1,2";
			};
			name = Debug;
		};
		23904435296B07CF008B94E8 /* Release */ = {
			isa = XCBuildConfiguration;
			buildSettings = {
				ASSETCATALOG_COMPILER_APPICON_NAME = AppIcon;
				ASSETCATALOG_COMPILER_GLOBAL_ACCENT_COLOR_NAME = AccentColor;
				CODE_SIGN_STYLE = Automatic;
				CURRENT_PROJECT_VERSION = 1;
				DEVELOPMENT_ASSET_PATHS = "\"Animation/Preview Content\"";
				ENABLE_PREVIEWS = YES;
				GENERATE_INFOPLIST_FILE = YES;
				INFOPLIST_FILE = Animation/Info.plist;
				INFOPLIST_KEY_UIApplicationSceneManifest_Generation = YES;
				INFOPLIST_KEY_UIApplicationSupportsIndirectInputEvents = YES;
				INFOPLIST_KEY_UILaunchScreen_Generation = YES;
				INFOPLIST_KEY_UISupportedInterfaceOrientations_iPad = "UIInterfaceOrientationPortrait UIInterfaceOrientationPortraitUpsideDown UIInterfaceOrientationLandscapeLeft UIInterfaceOrientationLandscapeRight";
				INFOPLIST_KEY_UISupportedInterfaceOrientations_iPhone = "UIInterfaceOrientationPortrait UIInterfaceOrientationLandscapeLeft UIInterfaceOrientationLandscapeRight";
				LD_RUNPATH_SEARCH_PATHS = (
					"$(inherited)",
					"@executable_path/Frameworks",
				);
				MARKETING_VERSION = 1.0;
				PRODUCT_BUNDLE_IDENTIFIER = com.eduard.Animation;
				PRODUCT_NAME = "$(TARGET_NAME)";
				SWIFT_EMIT_LOC_STRINGS = YES;
				SWIFT_VERSION = 5.0;
				TARGETED_DEVICE_FAMILY = "1,2";
			};
			name = Release;
		};
/* End XCBuildConfiguration section */

/* Begin XCConfigurationList section */
		23904420296B07CB008B94E8 /* Build configuration list for PBXProject "Animation" */ = {
			isa = XCConfigurationList;
			buildConfigurations = (
				23904431296B07CF008B94E8 /* Debug */,
				23904432296B07CF008B94E8 /* Release */,
			);
			defaultConfigurationIsVisible = 0;
			defaultConfigurationName = Release;
		};
		23904433296B07CF008B94E8 /* Build configuration list for PBXNativeTarget "Animation" */ = {
			isa = XCConfigurationList;
			buildConfigurations = (
				23904434296B07CF008B94E8 /* Debug */,
				23904435296B07CF008B94E8 /* Release */,
			);
			defaultConfigurationIsVisible = 0;
			defaultConfigurationName = Release;
		};
/* End XCConfigurationList section */
	};
	rootObject = 2390441D296B07CB008B94E8 /* Project object */;
}
